
Microsoft Visual Studio Solution File, Format Version 12.00
# Visual Studio Version 17
VisualStudioVersion = 17.13.35818.85
MinimumVisualStudioVersion = 10.0.40219.1
Project("{FAE04EC0-301F-11D3-BF4B-00C04F79EFBC}") = "Wpf_List_Task_HW", "Wpf_List_Task_HW\Wpf_List_Task_HW.csproj", "{8DCEEFBE-7835-4327-8EEF-280E24C57BCC}"
EndProject
Global
	GlobalSection(SolutionConfigurationPlatforms) = preSolution
		Debug|Any CPU = Debug|Any CPU
		Release|Any CPU = Release|Any CPU
	EndGlobalSection
	GlobalSection(ProjectConfigurationPlatforms) = postSolution
		{8DCEEFBE-7835-4327-8EEF-280E24C57BCC}.Debug|Any CPU.ActiveCfg = Debug|Any CPU
		{8DCEEFBE-7835-4327-8EEF-280E24C57BCC}.Debug|Any CPU.Build.0 = Debug|Any CPU
		{8DCEEFBE-7835-4327-8EEF-280E24C57BCC}.Release|Any CPU.ActiveCfg = Release|Any CPU
		{8DCEEFBE-7835-4327-8EEF-280E24C57BCC}.Release|Any CPU.Build.0 = Release|Any CPU
	EndGlobalSection
	GlobalSection(SolutionProperties) = preSolution
		HideSolutionNode = FALSE
	EndGlobalSection
	GlobalSection(ExtensibilityGlobals) = postSolution
		SolutionGuid = {53DDB0DC-D0AA-497F-BFBA-CEB292E2A459}
	EndGlobalSection
EndGlobal
