
Microsoft Visual Studio Solution File, Format Version 12.00
# Visual Studio Version 17
VisualStudioVersion = 17.13.35818.85
MinimumVisualStudioVersion = 10.0.40219.1
Project("{FAE04EC0-301F-11D3-BF4B-00C04F79EFBC}") = "Wpf_Calculator", "Wpf_Calculator\Wpf_Calculator.csproj", "{78000B33-8FF5-4D41-85B5-97FD288C0976}"
EndProject
Project("{FAE04EC0-301F-11D3-BF4B-00C04F79EFBC}") = "Wpf_CW_21_02_25_Smeshariki", "Wpf_CW_21_02_25_Smeshariki\Wpf_CW_21_02_25_Smeshariki.csproj", "{1666597B-37F2-4D30-9EB6-AA4EDD0CBE96}"
EndProject
Project("{FAE04EC0-301F-11D3-BF4B-00C04F79EFBC}") = "Wpf_CW_21_02_25_Pictures", "Wpf_CW_21_02_25_Pictures\Wpf_CW_21_02_25_Pictures.csproj", "{BA75BB39-656F-4346-8AAA-68238D7C70C7}"
EndProject
Project("{FAE04EC0-301F-11D3-BF4B-00C04F79EFBC}") = "Wpf_HW_Control-Brushes-fonts_28_02_2025", "Wpf_HW_Control-Brushes-fonts_28_02_2025\Wpf_HW_Control-Brushes-fonts_28_02_2025.csproj", "{72477A68-223C-453C-BBB4-6F95DD599E7B}"
EndProject
Project("{FAE04EC0-301F-11D3-BF4B-00C04F79EFBC}") = "Wpf_Keyboard_Trainer", "Wpf_Keyboard_Trainer\Wpf_Keyboard_Trainer.csproj", "{E08B9FE1-7B41-453A-B592-B175F15A1974}"
EndProject
Project("{FAE04EC0-301F-11D3-BF4B-00C04F79EFBC}") = "Wpf_WeatherPanel", "Wpf_WeatherPanel\Wpf_WeatherPanel.csproj", "{BD910BF0-4044-4C50-AF04-B1FDFDDB3F21}"
EndProject
Global
	GlobalSection(SolutionConfigurationPlatforms) = preSolution
		Debug|Any CPU = Debug|Any CPU
		Release|Any CPU = Release|Any CPU
	EndGlobalSection
	GlobalSection(ProjectConfigurationPlatforms) = postSolution
		{78000B33-8FF5-4D41-85B5-97FD288C0976}.Debug|Any CPU.ActiveCfg = Debug|Any CPU
		{78000B33-8FF5-4D41-85B5-97FD288C0976}.Debug|Any CPU.Build.0 = Debug|Any CPU
		{78000B33-8FF5-4D41-85B5-97FD288C0976}.Release|Any CPU.ActiveCfg = Release|Any CPU
		{78000B33-8FF5-4D41-85B5-97FD288C0976}.Release|Any CPU.Build.0 = Release|Any CPU
		{1666597B-37F2-4D30-9EB6-AA4EDD0CBE96}.Debug|Any CPU.ActiveCfg = Debug|Any CPU
		{1666597B-37F2-4D30-9EB6-AA4EDD0CBE96}.Debug|Any CPU.Build.0 = Debug|Any CPU
		{1666597B-37F2-4D30-9EB6-AA4EDD0CBE96}.Release|Any CPU.ActiveCfg = Release|Any CPU
		{1666597B-37F2-4D30-9EB6-AA4EDD0CBE96}.Release|Any CPU.Build.0 = Release|Any CPU
		{BA75BB39-656F-4346-8AAA-68238D7C70C7}.Debug|Any CPU.ActiveCfg = Debug|Any CPU
		{BA75BB39-656F-4346-8AAA-68238D7C70C7}.Debug|Any CPU.Build.0 = Debug|Any CPU
		{BA75BB39-656F-4346-8AAA-68238D7C70C7}.Release|Any CPU.ActiveCfg = Release|Any CPU
		{BA75BB39-656F-4346-8AAA-68238D7C70C7}.Release|Any CPU.Build.0 = Release|Any CPU
		{72477A68-223C-453C-BBB4-6F95DD599E7B}.Debug|Any CPU.ActiveCfg = Debug|Any CPU
		{72477A68-223C-453C-BBB4-6F95DD599E7B}.Debug|Any CPU.Build.0 = Debug|Any CPU
		{72477A68-223C-453C-BBB4-6F95DD599E7B}.Release|Any CPU.ActiveCfg = Release|Any CPU
		{72477A68-223C-453C-BBB4-6F95DD599E7B}.Release|Any CPU.Build.0 = Release|Any CPU
		{E08B9FE1-7B41-453A-B592-B175F15A1974}.Debug|Any CPU.ActiveCfg = Debug|Any CPU
		{E08B9FE1-7B41-453A-B592-B175F15A1974}.Debug|Any CPU.Build.0 = Debug|Any CPU
		{E08B9FE1-7B41-453A-B592-B175F15A1974}.Release|Any CPU.ActiveCfg = Release|Any CPU
		{E08B9FE1-7B41-453A-B592-B175F15A1974}.Release|Any CPU.Build.0 = Release|Any CPU
		{BD910BF0-4044-4C50-AF04-B1FDFDDB3F21}.Debug|Any CPU.ActiveCfg = Debug|Any CPU
		{BD910BF0-4044-4C50-AF04-B1FDFDDB3F21}.Debug|Any CPU.Build.0 = Debug|Any CPU
		{BD910BF0-4044-4C50-AF04-B1FDFDDB3F21}.Release|Any CPU.ActiveCfg = Release|Any CPU
		{BD910BF0-4044-4C50-AF04-B1FDFDDB3F21}.Release|Any CPU.Build.0 = Release|Any CPU
	EndGlobalSection
	GlobalSection(SolutionProperties) = preSolution
		HideSolutionNode = FALSE
	EndGlobalSection
	GlobalSection(ExtensibilityGlobals) = postSolution
		SolutionGuid = {53DDB0DC-D0AA-497F-BFBA-CEB292E2A459}
	EndGlobalSection
EndGlobal
