
Microsoft Visual Studio Solution File, Format Version 12.00
# Visual Studio Version 17
VisualStudioVersion = 17.13.35818.85
MinimumVisualStudioVersion = 10.0.40219.1
Project("{FAE04EC0-301F-11D3-BF4B-00C04F79EFBC}") = "Wpf_CW_21_02_25_Pictures", "Wpf_CW_21_02_25_Pictures\Wpf_CW_21_02_25_Pictures.csproj", "{BA75BB39-656F-4346-8AAA-68238D7C70C7}"
EndProject
Project("{FAE04EC0-301F-11D3-BF4B-00C04F79EFBC}") = "Wpf_HW_Control-Brushes-fonts_28_02_2025", "Wpf_HW_Control-Brushes-fonts_28_02_2025\Wpf_HW_Control-Brushes-fonts_28_02_2025.csproj", "{72477A68-223C-453C-BBB4-6F95DD599E7B}"
EndProject
Global
	GlobalSection(SolutionConfigurationPlatforms) = preSolution
		Debug|Any CPU = Debug|Any CPU
		Release|Any CPU = Release|Any CPU
	EndGlobalSection
	GlobalSection(ProjectConfigurationPlatforms) = postSolution
		{BA75BB39-656F-4346-8AAA-68238D7C70C7}.Debug|Any CPU.ActiveCfg = Debug|Any CPU
		{BA75BB39-656F-4346-8AAA-68238D7C70C7}.Debug|Any CPU.Build.0 = Debug|Any CPU
		{BA75BB39-656F-4346-8AAA-68238D7C70C7}.Release|Any CPU.ActiveCfg = Release|Any CPU
		{BA75BB39-656F-4346-8AAA-68238D7C70C7}.Release|Any CPU.Build.0 = Release|Any CPU
		{72477A68-223C-453C-BBB4-6F95DD599E7B}.Debug|Any CPU.ActiveCfg = Debug|Any CPU
		{72477A68-223C-453C-BBB4-6F95DD599E7B}.Debug|Any CPU.Build.0 = Debug|Any CPU
		{72477A68-223C-453C-BBB4-6F95DD599E7B}.Release|Any CPU.ActiveCfg = Release|Any CPU
		{72477A68-223C-453C-BBB4-6F95DD599E7B}.Release|Any CPU.Build.0 = Release|Any CPU
	EndGlobalSection
	GlobalSection(SolutionProperties) = preSolution
		HideSolutionNode = FALSE
	EndGlobalSection
	GlobalSection(ExtensibilityGlobals) = postSolution
		SolutionGuid = {53DDB0DC-D0AA-497F-BFBA-CEB292E2A459}
	EndGlobalSection
EndGlobal
